// !$*UTF8*$!
{
	archiveVersion = 1;
	classes = {
	};
	objectVersion = 48;
	objects = {

/* Begin PBXBuildFile section */
		F3026BE51FD67B3200C72DFE /* AppDelegate.m in Sources */ = {isa = PBXBuildFile; fileRef = F3026BE41FD67B3200C72DFE /* AppDelegate.m */; };
		F3026BE81FD67B3300C72DFE /* ViewController.m in Sources */ = {isa = PBXBuildFile; fileRef = F3026BE71FD67B3300C72DFE /* ViewController.m */; };
		F3026BEB1FD67B3300C72DFE /* Main.storyboard in Resources */ = {isa = PBXBuildFile; fileRef = F3026BE91FD67B3300C72DFE /* Main.storyboard */; };
		F3026BED1FD67B3300C72DFE /* Assets.xcassets in Resources */ = {isa = PBXBuildFile; fileRef = F3026BEC1FD67B3300C72DFE /* Assets.xcassets */; };
		F3026BF01FD67B3300C72DFE /* LaunchScreen.storyboard in Resources */ = {isa = PBXBuildFile; fileRef = F3026BEE1FD67B3300C72DFE /* LaunchScreen.storyboard */; };
		F3026BF31FD67B3300C72DFE /* main.m in Sources */ = {isa = PBXBuildFile; fileRef = F3026BF21FD67B3300C72DFE /* main.m */; };
		F3026BFD1FD67B3300C72DFE /* CarouselViewTests.m in Sources */ = {isa = PBXBuildFile; fileRef = F3026BFC1FD67B3300C72DFE /* CarouselViewTests.m */; };
		F3026C081FD67B3300C72DFE /* CarouselViewUITests.m in Sources */ = {isa = PBXBuildFile; fileRef = F3026C071FD67B3300C72DFE /* CarouselViewUITests.m */; };
		F3026C171FD67BB300C72DFE /* QYLCarouselView.m in Sources */ = {isa = PBXBuildFile; fileRef = F3026C161FD67BB300C72DFE /* QYLCarouselView.m */; };
		F3026C201FD6946D00C72DFE /* 0.jpg in Resources */ = {isa = PBXBuildFile; fileRef = F3026C191FD6946C00C72DFE /* 0.jpg */; };
		F3026C211FD6946D00C72DFE /* 3.jpg in Resources */ = {isa = PBXBuildFile; fileRef = F3026C1A1FD6946C00C72DFE /* 3.jpg */; };
		F3026C221FD6946D00C72DFE /* 5.jpg in Resources */ = {isa = PBXBuildFile; fileRef = F3026C1B1FD6946C00C72DFE /* 5.jpg */; };
		F3026C231FD6946D00C72DFE /* 6.jpg in Resources */ = {isa = PBXBuildFile; fileRef = F3026C1C1FD6946D00C72DFE /* 6.jpg */; };
		F3026C241FD6946D00C72DFE /* 4.jpg in Resources */ = {isa = PBXBuildFile; fileRef = F3026C1D1FD6946D00C72DFE /* 4.jpg */; };
		F3026C251FD6946D00C72DFE /* 7.jpg in Resources */ = {isa = PBXBuildFile; fileRef = F3026C1E1FD6946D00C72DFE /* 7.jpg */; };
		F3026C261FD6946D00C72DFE /* 1.jpg in Resources */ = {isa = PBXBuildFile; fileRef = F3026C1F1FD6946D00C72DFE /* 1.jpg */; };
		F3026C281FD6947500C72DFE /* 2.jpg in Resources */ = {isa = PBXBuildFile; fileRef = F3026C271FD6947500C72DFE /* 2.jpg */; };
		F3026C2B1FD69E7400C72DFE /* UIScrollView+S_QYLAdjustScrollView.m in Sources */ = {isa = PBXBuildFile; fileRef = F3026C2A1FD69E7400C72DFE /* UIScrollView+S_QYLAdjustScrollView.m */; };
/* End PBXBuildFile section */

/* Begin PBXContainerItemProxy section */
		F3026BF91FD67B3300C72DFE /* PBXContainerItemProxy */ = {
			isa = PBXContainerItemProxy;
			containerPortal = F3026BD81FD67B3200C72DFE /* Project object */;
			proxyType = 1;
			remoteGlobalIDString = F3026BDF1FD67B3200C72DFE;
			remoteInfo = CarouselView;
		};
		F3026C041FD67B3300C72DFE /* PBXContainerItemProxy */ = {
			isa = PBXContainerItemProxy;
			containerPortal = F3026BD81FD67B3200C72DFE /* Project object */;
			proxyType = 1;
			remoteGlobalIDString = F3026BDF1FD67B3200C72DFE;
			remoteInfo = CarouselView;
		};
/* End PBXContainerItemProxy section */

/* Begin PBXFileReference section */
		F3026BE01FD67B3200C72DFE /* CarouselView.app */ = {isa = PBXFileReference; explicitFileType = wrapper.application; includeInIndex = 0; path = CarouselView.app; sourceTree = BUILT_PRODUCTS_DIR; };
		F3026BE31FD67B3200C72DFE /* AppDelegate.h */ = {isa = PBXFileReference; lastKnownFileType = sourcecode.c.h; path = AppDelegate.h; sourceTree = "<group>"; };
		F3026BE41FD67B3200C72DFE /* AppDelegate.m */ = {isa = PBXFileReference; lastKnownFileType = sourcecode.c.objc; path = AppDelegate.m; sourceTree = "<group>"; };
		F3026BE61FD67B3200C72DFE /* ViewController.h */ = {isa = PBXFileReference; lastKnownFileType = sourcecode.c.h; path = ViewController.h; sourceTree = "<group>"; };
		F3026BE71FD67B3300C72DFE /* ViewController.m */ = {isa = PBXFileReference; lastKnownFileType = sourcecode.c.objc; path = ViewController.m; sourceTree = "<group>"; };
		F3026BEA1FD67B3300C72DFE /* Base */ = {isa = PBXFileReference; lastKnownFileType = file.storyboard; name = Base; path = Base.lproj/Main.storyboard; sourceTree = "<group>"; };
		F3026BEC1FD67B3300C72DFE /* Assets.xcassets */ = {isa = PBXFileReference; lastKnownFileType = folder.assetcatalog; path = Assets.xcassets; sourceTree = "<group>"; };
		F3026BEF1FD67B3300C72DFE /* Base */ = {isa = PBXFileReference; lastKnownFileType = file.storyboard; name = Base; path = Base.lproj/LaunchScreen.storyboard; sourceTree = "<group>"; };
		F3026BF11FD67B3300C72DFE /* Info.plist */ = {isa = PBXFileReference; lastKnownFileType = text.plist.xml; path = Info.plist; sourceTree = "<group>"; };
		F3026BF21FD67B3300C72DFE /* main.m */ = {isa = PBXFileReference; lastKnownFileType = sourcecode.c.objc; path = main.m; sourceTree = "<group>"; };
		F3026BF81FD67B3300C72DFE /* CarouselViewTests.xctest */ = {isa = PBXFileReference; explicitFileType = wrapper.cfbundle; includeInIndex = 0; path = CarouselViewTests.xctest; sourceTree = BUILT_PRODUCTS_DIR; };
		F3026BFC1FD67B3300C72DFE /* CarouselViewTests.m */ = {isa = PBXFileReference; lastKnownFileType = sourcecode.c.objc; path = CarouselViewTests.m; sourceTree = "<group>"; };
		F3026BFE1FD67B3300C72DFE /* Info.plist */ = {isa = PBXFileReference; lastKnownFileType = text.plist.xml; path = Info.plist; sourceTree = "<group>"; };
		F3026C031FD67B3300C72DFE /* CarouselViewUITests.xctest */ = {isa = PBXFileReference; explicitFileType = wrapper.cfbundle; includeInIndex = 0; path = CarouselViewUITests.xctest; sourceTree = BUILT_PRODUCTS_DIR; };
		F3026C071FD67B3300C72DFE /* CarouselViewUITests.m */ = {isa = PBXFileReference; lastKnownFileType = sourcecode.c.objc; path = CarouselViewUITests.m; sourceTree = "<group>"; };
		F3026C091FD67B3300C72DFE /* Info.plist */ = {isa = PBXFileReference; lastKnownFileType = text.plist.xml; path = Info.plist; sourceTree = "<group>"; };
		F3026C151FD67BB300C72DFE /* QYLCarouselView.h */ = {isa = PBXFileReference; lastKnownFileType = sourcecode.c.h; path = QYLCarouselView.h; sourceTree = "<group>"; };
		F3026C161FD67BB300C72DFE /* QYLCarouselView.m */ = {isa = PBXFileReference; lastKnownFileType = sourcecode.c.objc; path = QYLCarouselView.m; sourceTree = "<group>"; };
		F3026C191FD6946C00C72DFE /* 0.jpg */ = {isa = PBXFileReference; lastKnownFileType = image.jpeg; path = 0.jpg; sourceTree = "<group>"; };
		F3026C1A1FD6946C00C72DFE /* 3.jpg */ = {isa = PBXFileReference; lastKnownFileType = image.jpeg; path = 3.jpg; sourceTree = "<group>"; };
		F3026C1B1FD6946C00C72DFE /* 5.jpg */ = {isa = PBXFileReference; lastKnownFileType = image.jpeg; path = 5.jpg; sourceTree = "<group>"; };
		F3026C1C1FD6946D00C72DFE /* 6.jpg */ = {isa = PBXFileReference; lastKnownFileType = image.jpeg; path = 6.jpg; sourceTree = "<group>"; };
		F3026C1D1FD6946D00C72DFE /* 4.jpg */ = {isa = PBXFileReference; lastKnownFileType = image.jpeg; path = 4.jpg; sourceTree = "<group>"; };
		F3026C1E1FD6946D00C72DFE /* 7.jpg */ = {isa = PBXFileReference; lastKnownFileType = image.jpeg; path = 7.jpg; sourceTree = "<group>"; };
		F3026C1F1FD6946D00C72DFE /* 1.jpg */ = {isa = PBXFileReference; lastKnownFileType = image.jpeg; path = 1.jpg; sourceTree = "<group>"; };
		F3026C271FD6947500C72DFE /* 2.jpg */ = {isa = PBXFileReference; lastKnownFileType = image.jpeg; path = 2.jpg; sourceTree = "<group>"; };
		F3026C291FD69E7400C72DFE /* UIScrollView+S_QYLAdjustScrollView.h */ = {isa = PBXFileReference; fileEncoding = 4; lastKnownFileType = sourcecode.c.h; path = "UIScrollView+S_QYLAdjustScrollView.h"; sourceTree = "<group>"; };
		F3026C2A1FD69E7400C72DFE /* UIScrollView+S_QYLAdjustScrollView.m */ = {isa = PBXFileReference; fileEncoding = 4; lastKnownFileType = sourcecode.c.objc; path = "UIScrollView+S_QYLAdjustScrollView.m"; sourceTree = "<group>"; };
/* End PBXFileReference section */

/* Begin PBXFrameworksBuildPhase section */
		F3026BDD1FD67B3200C72DFE /* Frameworks */ = {
			isa = PBXFrameworksBuildPhase;
			buildActionMask = 2147483647;
			files = (
			);
			runOnlyForDeploymentPostprocessing = 0;
		};
		F3026BF51FD67B3300C72DFE /* Frameworks */ = {
			isa = PBXFrameworksBuildPhase;
			buildActionMask = 2147483647;
			files = (
			);
			runOnlyForDeploymentPostprocessing = 0;
		};
		F3026C001FD67B3300C72DFE /* Frameworks */ = {
			isa = PBXFrameworksBuildPhase;
			buildActionMask = 2147483647;
			files = (
			);
			runOnlyForDeploymentPostprocessing = 0;
		};
/* End PBXFrameworksBuildPhase section */

/* Begin PBXGroup section */
		F3026BD71FD67B3200C72DFE = {
			isa = PBXGroup;
			children = (
				F3026BE21FD67B3200C72DFE /* CarouselView */,
				F3026BFB1FD67B3300C72DFE /* CarouselViewTests */,
				F3026C061FD67B3300C72DFE /* CarouselViewUITests */,
				F3026BE11FD67B3200C72DFE /* Products */,
			);
			sourceTree = "<group>";
		};
		F3026BE11FD67B3200C72DFE /* Products */ = {
			isa = PBXGroup;
			children = (
				F3026BE01FD67B3200C72DFE /* CarouselView.app */,
				F3026BF81FD67B3300C72DFE /* CarouselViewTests.xctest */,
				F3026C031FD67B3300C72DFE /* CarouselViewUITests.xctest */,
			);
			name = Products;
			sourceTree = "<group>";
		};
		F3026BE21FD67B3200C72DFE /* CarouselView */ = {
			isa = PBXGroup;
			children = (
				F3026C181FD693AF00C72DFE /* Images */,
				F3026C291FD69E7400C72DFE /* UIScrollView+S_QYLAdjustScrollView.h */,
				F3026C2A1FD69E7400C72DFE /* UIScrollView+S_QYLAdjustScrollView.m */,
				F3026C151FD67BB300C72DFE /* QYLCarouselView.h */,
				F3026C161FD67BB300C72DFE /* QYLCarouselView.m */,
				F3026BE31FD67B3200C72DFE /* AppDelegate.h */,
				F3026BE41FD67B3200C72DFE /* AppDelegate.m */,
				F3026BE61FD67B3200C72DFE /* ViewController.h */,
				F3026BE71FD67B3300C72DFE /* ViewController.m */,
				F3026BE91FD67B3300C72DFE /* Main.storyboard */,
				F3026BEC1FD67B3300C72DFE /* Assets.xcassets */,
				F3026BEE1FD67B3300C72DFE /* LaunchScreen.storyboard */,
				F3026BF11FD67B3300C72DFE /* Info.plist */,
				F3026BF21FD67B3300C72DFE /* main.m */,
			);
			path = CarouselView;
			sourceTree = "<group>";
		};
		F3026BFB1FD67B3300C72DFE /* CarouselViewTests */ = {
			isa = PBXGroup;
			children = (
				F3026BFC1FD67B3300C72DFE /* CarouselViewTests.m */,
				F3026BFE1FD67B3300C72DFE /* Info.plist */,
			);
			path = CarouselViewTests;
			sourceTree = "<group>";
		};
		F3026C061FD67B3300C72DFE /* CarouselViewUITests */ = {
			isa = PBXGroup;
			children = (
				F3026C071FD67B3300C72DFE /* CarouselViewUITests.m */,
				F3026C091FD67B3300C72DFE /* Info.plist */,
			);
			path = CarouselViewUITests;
			sourceTree = "<group>";
		};
		F3026C181FD693AF00C72DFE /* Images */ = {
			isa = PBXGroup;
			children = (
				F3026C191FD6946C00C72DFE /* 0.jpg */,
				F3026C1F1FD6946D00C72DFE /* 1.jpg */,
				F3026C271FD6947500C72DFE /* 2.jpg */,
				F3026C1A1FD6946C00C72DFE /* 3.jpg */,
				F3026C1D1FD6946D00C72DFE /* 4.jpg */,
				F3026C1B1FD6946C00C72DFE /* 5.jpg */,
				F3026C1C1FD6946D00C72DFE /* 6.jpg */,
				F3026C1E1FD6946D00C72DFE /* 7.jpg */,
			);
			path = Images;
			sourceTree = "<group>";
		};
/* End PBXGroup section */

/* Begin PBXNativeTarget section */
		F3026BDF1FD67B3200C72DFE /* CarouselView */ = {
			isa = PBXNativeTarget;
			buildConfigurationList = F3026C0C1FD67B3300C72DFE /* Build configuration list for PBXNativeTarget "CarouselView" */;
			buildPhases = (
				F3026BDC1FD67B3200C72DFE /* Sources */,
				F3026BDD1FD67B3200C72DFE /* Frameworks */,
				F3026BDE1FD67B3200C72DFE /* Resources */,
			);
			buildRules = (
			);
			dependencies = (
			);
			name = CarouselView;
			productName = CarouselView;
			productReference = F3026BE01FD67B3200C72DFE /* CarouselView.app */;
			productType = "com.apple.product-type.application";
		};
		F3026BF71FD67B3300C72DFE /* CarouselViewTests */ = {
			isa = PBXNativeTarget;
			buildConfigurationList = F3026C0F1FD67B3300C72DFE /* Build configuration list for PBXNativeTarget "CarouselViewTests" */;
			buildPhases = (
				F3026BF41FD67B3300C72DFE /* Sources */,
				F3026BF51FD67B3300C72DFE /* Frameworks */,
				F3026BF61FD67B3300C72DFE /* Resources */,
			);
			buildRules = (
			);
			dependencies = (
				F3026BFA1FD67B3300C72DFE /* PBXTargetDependency */,
			);
			name = CarouselViewTests;
			productName = CarouselViewTests;
			productReference = F3026BF81FD67B3300C72DFE /* CarouselViewTests.xctest */;
			productType = "com.apple.product-type.bundle.unit-test";
		};
		F3026C021FD67B3300C72DFE /* CarouselViewUITests */ = {
			isa = PBXNativeTarget;
			buildConfigurationList = F3026C121FD67B3300C72DFE /* Build configuration list for PBXNativeTarget "CarouselViewUITests" */;
			buildPhases = (
				F3026BFF1FD67B3300C72DFE /* Sources */,
				F3026C001FD67B3300C72DFE /* Frameworks */,
				F3026C011FD67B3300C72DFE /* Resources */,
			);
			buildRules = (
			);
			dependencies = (
				F3026C051FD67B3300C72DFE /* PBXTargetDependency */,
			);
			name = CarouselViewUITests;
			productName = CarouselViewUITests;
			productReference = F3026C031FD67B3300C72DFE /* CarouselViewUITests.xctest */;
			productType = "com.apple.product-type.bundle.ui-testing";
		};
/* End PBXNativeTarget section */

/* Begin PBXProject section */
		F3026BD81FD67B3200C72DFE /* Project object */ = {
			isa = PBXProject;
			attributes = {
				LastUpgradeCheck = 0910;
				ORGANIZATIONNAME = Marshal;
				TargetAttributes = {
					F3026BDF1FD67B3200C72DFE = {
						CreatedOnToolsVersion = 9.1;
						ProvisioningStyle = Automatic;
					};
					F3026BF71FD67B3300C72DFE = {
						CreatedOnToolsVersion = 9.1;
						ProvisioningStyle = Automatic;
						TestTargetID = F3026BDF1FD67B3200C72DFE;
					};
					F3026C021FD67B3300C72DFE = {
						CreatedOnToolsVersion = 9.1;
						ProvisioningStyle = Automatic;
						TestTargetID = F3026BDF1FD67B3200C72DFE;
					};
				};
			};
			buildConfigurationList = F3026BDB1FD67B3200C72DFE /* Build configuration list for PBXProject "CarouselView" */;
			compatibilityVersion = "Xcode 8.0";
			developmentRegion = en;
			hasScannedForEncodings = 0;
			knownRegions = (
				en,
				Base,
			);
			mainGroup = F3026BD71FD67B3200C72DFE;
			productRefGroup = F3026BE11FD67B3200C72DFE /* Products */;
			projectDirPath = "";
			projectRoot = "";
			targets = (
				F3026BDF1FD67B3200C72DFE /* CarouselView */,
				F3026BF71FD67B3300C72DFE /* CarouselViewTests */,
				F3026C021FD67B3300C72DFE /* CarouselViewUITests */,
			);
		};
/* End PBXProject section */

/* Begin PBXResourcesBuildPhase section */
		F3026BDE1FD67B3200C72DFE /* Resources */ = {
			isa = PBXResourcesBuildPhase;
			buildActionMask = 2147483647;
			files = (
				F3026C281FD6947500C72DFE /* 2.jpg in Resources */,
				F3026C241FD6946D00C72DFE /* 4.jpg in Resources */,
				F3026C231FD6946D00C72DFE /* 6.jpg in Resources */,
				F3026C211FD6946D00C72DFE /* 3.jpg in Resources */,
				F3026C201FD6946D00C72DFE /* 0.jpg in Resources */,
				F3026BF01FD67B3300C72DFE /* LaunchScreen.storyboard in Resources */,
				F3026C221FD6946D00C72DFE /* 5.jpg in Resources */,
				F3026C251FD6946D00C72DFE /* 7.jpg in Resources */,
				F3026BED1FD67B3300C72DFE /* Assets.xcassets in Resources */,
				F3026BEB1FD67B3300C72DFE /* Main.storyboard in Resources */,
				F3026C261FD6946D00C72DFE /* 1.jpg in Resources */,
			);
			runOnlyForDeploymentPostprocessing = 0;
		};
		F3026BF61FD67B3300C72DFE /* Resources */ = {
			isa = PBXResourcesBuildPhase;
			buildActionMask = 2147483647;
			files = (
			);
			runOnlyForDeploymentPostprocessing = 0;
		};
		F3026C011FD67B3300C72DFE /* Resources */ = {
			isa = PBXResourcesBuildPhase;
			buildActionMask = 2147483647;
			files = (
			);
			runOnlyForDeploymentPostprocessing = 0;
		};
/* End PBXResourcesBuildPhase section */

/* Begin PBXSourcesBuildPhase section */
		F3026BDC1FD67B3200C72DFE /* Sources */ = {
			isa = PBXSourcesBuildPhase;
			buildActionMask = 2147483647;
			files = (
				F3026C2B1FD69E7400C72DFE /* UIScrollView+S_QYLAdjustScrollView.m in Sources */,
				F3026BE81FD67B3300C72DFE /* ViewController.m in Sources */,
				F3026BF31FD67B3300C72DFE /* main.m in Sources */,
				F3026BE51FD67B3200C72DFE /* AppDelegate.m in Sources */,
				F3026C171FD67BB300C72DFE /* QYLCarouselView.m in Sources */,
			);
			runOnlyForDeploymentPostprocessing = 0;
		};
		F3026BF41FD67B3300C72DFE /* Sources */ = {
			isa = PBXSourcesBuildPhase;
			buildActionMask = 2147483647;
			files = (
				F3026BFD1FD67B3300C72DFE /* CarouselViewTests.m in Sources */,
			);
			runOnlyForDeploymentPostprocessing = 0;
		};
		F3026BFF1FD67B3300C72DFE /* Sources */ = {
			isa = PBXSourcesBuildPhase;
			buildActionMask = 2147483647;
			files = (
				F3026C081FD67B3300C72DFE /* CarouselViewUITests.m in Sources */,
			);
			runOnlyForDeploymentPostprocessing = 0;
		};
/* End PBXSourcesBuildPhase section */

/* Begin PBXTargetDependency section */
		F3026BFA1FD67B3300C72DFE /* PBXTargetDependency */ = {
			isa = PBXTargetDependency;
			target = F3026BDF1FD67B3200C72DFE /* CarouselView */;
			targetProxy = F3026BF91FD67B3300C72DFE /* PBXContainerItemProxy */;
		};
		F3026C051FD67B3300C72DFE /* PBXTargetDependency */ = {
			isa = PBXTargetDependency;
			target = F3026BDF1FD67B3200C72DFE /* CarouselView */;
			targetProxy = F3026C041FD67B3300C72DFE /* PBXContainerItemProxy */;
		};
/* End PBXTargetDependency section */

/* Begin PBXVariantGroup section */
		F3026BE91FD67B3300C72DFE /* Main.storyboard */ = {
			isa = PBXVariantGroup;
			children = (
				F3026BEA1FD67B3300C72DFE /* Base */,
			);
			name = Main.storyboard;
			sourceTree = "<group>";
		};
		F3026BEE1FD67B3300C72DFE /* LaunchScreen.storyboard */ = {
			isa = PBXVariantGroup;
			children = (
				F3026BEF1FD67B3300C72DFE /* Base */,
			);
			name = LaunchScreen.storyboard;
			sourceTree = "<group>";
		};
/* End PBXVariantGroup section */

/* Begin XCBuildConfiguration section */
		F3026C0A1FD67B3300C72DFE /* Debug */ = {
			isa = XCBuildConfiguration;
			buildSettings = {
				ALWAYS_SEARCH_USER_PATHS = NO;
				CLANG_ANALYZER_NONNULL = YES;
				CLANG_ANALYZER_NUMBER_OBJECT_CONVERSION = YES_AGGRESSIVE;
				CLANG_CXX_LANGUAGE_STANDARD = "gnu++14";
				CLANG_CXX_LIBRARY = "libc++";
				CLANG_ENABLE_MODULES = YES;
				CLANG_ENABLE_OBJC_ARC = YES;
				CLANG_WARN_BLOCK_CAPTURE_AUTORELEASING = YES;
				CLANG_WARN_BOOL_CONVERSION = YES;
				CLANG_WARN_COMMA = YES;
				CLANG_WARN_CONSTANT_CONVERSION = YES;
				CLANG_WARN_DIRECT_OBJC_ISA_USAGE = YES_ERROR;
				CLANG_WARN_DOCUMENTATION_COMMENTS = YES;
				CLANG_WARN_EMPTY_BODY = YES;
				CLANG_WARN_ENUM_CONVERSION = YES;
				CLANG_WARN_INFINITE_RECURSION = YES;
				CLANG_WARN_INT_CONVERSION = YES;
				CLANG_WARN_NON_LITERAL_NULL_CONVERSION = YES;
				CLANG_WARN_OBJC_LITERAL_CONVERSION = YES;
				CLANG_WARN_OBJC_ROOT_CLASS = YES_ERROR;
				CLANG_WARN_RANGE_LOOP_ANALYSIS = YES;
				CLANG_WARN_STRICT_PROTOTYPES = YES;
				CLANG_WARN_SUSPICIOUS_MOVE = YES;
				CLANG_WARN_UNGUARDED_AVAILABILITY = YES_AGGRESSIVE;
				CLANG_WARN_UNREACHABLE_CODE = YES;
				CLANG_WARN__DUPLICATE_METHOD_MATCH = YES;
				CODE_SIGN_IDENTITY = "iPhone Developer";
				COPY_PHASE_STRIP = NO;
				DEBUG_INFORMATION_FORMAT = dwarf;
				ENABLE_STRICT_OBJC_MSGSEND = YES;
				ENABLE_TESTABILITY = YES;
				GCC_C_LANGUAGE_STANDARD = gnu11;
				GCC_DYNAMIC_NO_PIC = NO;
				GCC_NO_COMMON_BLOCKS = YES;
				GCC_OPTIMIZATION_LEVEL = 0;
				GCC_PREPROCESSOR_DEFINITIONS = (
					"DEBUG=1",
					"$(inherited)",
				);
				GCC_WARN_64_TO_32_BIT_CONVERSION = YES;
				GCC_WARN_ABOUT_RETURN_TYPE = YES_ERROR;
				GCC_WARN_UNDECLARED_SELECTOR = YES;
				GCC_WARN_UNINITIALIZED_AUTOS = YES_AGGRESSIVE;
				GCC_WARN_UNUSED_FUNCTION = YES;
				GCC_WARN_UNUSED_VARIABLE = YES;
				IPHONEOS_DEPLOYMENT_TARGET = 11.1;
				MTL_ENABLE_DEBUG_INFO = YES;
				ONLY_ACTIVE_ARCH = YES;
				SDKROOT = iphoneos;
			};
			name = Debug;
		};
		F3026C0B1FD67B3300C72DFE /* Release */ = {
			isa = XCBuildConfiguration;
			buildSettings = {
				ALWAYS_SEARCH_USER_PATHS = NO;
				CLANG_ANALYZER_NONNULL = YES;
				CLANG_ANALYZER_NUMBER_OBJECT_CONVERSION = YES_AGGRESSIVE;
				CLANG_CXX_LANGUAGE_STANDARD = "gnu++14";
				CLANG_CXX_LIBRARY = "libc++";
				CLANG_ENABLE_MODULES = YES;
				CLANG_ENABLE_OBJC_ARC = YES;
				CLANG_WARN_BLOCK_CAPTURE_AUTORELEASING = YES;
				CLANG_WARN_BOOL_CONVERSION = YES;
				CLANG_WARN_COMMA = YES;
				CLANG_WARN_CONSTANT_CONVERSION = YES;
				CLANG_WARN_DIRECT_OBJC_ISA_USAGE = YES_ERROR;
				CLANG_WARN_DOCUMENTATION_COMMENTS = YES;
				CLANG_WARN_EMPTY_BODY = YES;
				CLANG_WARN_ENUM_CONVERSION = YES;
				CLANG_WARN_INFINITE_RECURSION = YES;
				CLANG_WARN_INT_CONVERSION = YES;
				CLANG_WARN_NON_LITERAL_NULL_CONVERSION = YES;
				CLANG_WARN_OBJC_LITERAL_CONVERSION = YES;
				CLANG_WARN_OBJC_ROOT_CLASS = YES_ERROR;
				CLANG_WARN_RANGE_LOOP_ANALYSIS = YES;
				CLANG_WARN_STRICT_PROTOTYPES = YES;
				CLANG_WARN_SUSPICIOUS_MOVE = YES;
				CLANG_WARN_UNGUARDED_AVAILABILITY = YES_AGGRESSIVE;
				CLANG_WARN_UNREACHABLE_CODE = YES;
				CLANG_WARN__DUPLICATE_METHOD_MATCH = YES;
				CODE_SIGN_IDENTITY = "iPhone Developer";
				COPY_PHASE_STRIP = NO;
				DEBUG_INFORMATION_FORMAT = "dwarf-with-dsym";
				ENABLE_NS_ASSERTIONS = NO;
				ENABLE_STRICT_OBJC_MSGSEND = YES;
				GCC_C_LANGUAGE_STANDARD = gnu11;
				GCC_NO_COMMON_BLOCKS = YES;
				GCC_WARN_64_TO_32_BIT_CONVERSION = YES;
				GCC_WARN_ABOUT_RETURN_TYPE = YES_ERROR;
				GCC_WARN_UNDECLARED_SELECTOR = YES;
				GCC_WARN_UNINITIALIZED_AUTOS = YES_AGGRESSIVE;
				GCC_WARN_UNUSED_FUNCTION = YES;
				GCC_WARN_UNUSED_VARIABLE = YES;
				IPHONEOS_DEPLOYMENT_TARGET = 11.1;
				MTL_ENABLE_DEBUG_INFO = NO;
				SDKROOT = iphoneos;
				VALIDATE_PRODUCT = YES;
			};
			name = Release;
		};
		F3026C0D1FD67B3300C72DFE /* Debug */ = {
			isa = XCBuildConfiguration;
			buildSettings = {
				ASSETCATALOG_COMPILER_APPICON_NAME = AppIcon;
				CODE_SIGN_STYLE = Automatic;
				INFOPLIST_FILE = CarouselView/Info.plist;
				LD_RUNPATH_SEARCH_PATHS = "$(inherited) @executable_path/Frameworks";
				PRODUCT_BUNDLE_IDENTIFIER = com.QiYingliTechnology.CarouselView.CarouselView;
				PRODUCT_NAME = "$(TARGET_NAME)";
				TARGETED_DEVICE_FAMILY = "1,2";
			};
			name = Debug;
		};
		F3026C0E1FD67B3300C72DFE /* Release */ = {
			isa = XCBuildConfiguration;
			buildSettings = {
				ASSETCATALOG_COMPILER_APPICON_NAME = AppIcon;
				CODE_SIGN_STYLE = Automatic;
				INFOPLIST_FILE = CarouselView/Info.plist;
				LD_RUNPATH_SEARCH_PATHS = "$(inherited) @executable_path/Frameworks";
				PRODUCT_BUNDLE_IDENTIFIER = com.QiYingliTechnology.CarouselView.CarouselView;
				PRODUCT_NAME = "$(TARGET_NAME)";
				TARGETED_DEVICE_FAMILY = "1,2";
			};
			name = Release;
		};
		F3026C101FD67B3300C72DFE /* Debug */ = {
			isa = XCBuildConfiguration;
			buildSettings = {
				BUNDLE_LOADER = "$(TEST_HOST)";
				CODE_SIGN_STYLE = Automatic;
				INFOPLIST_FILE = CarouselViewTests/Info.plist;
				LD_RUNPATH_SEARCH_PATHS = "$(inherited) @executable_path/Frameworks @loader_path/Frameworks";
				PRODUCT_BUNDLE_IDENTIFIER = com.QiYingliTechnology.CarouselView.CarouselViewTests;
				PRODUCT_NAME = "$(TARGET_NAME)";
				TARGETED_DEVICE_FAMILY = "1,2";
				TEST_HOST = "$(BUILT_PRODUCTS_DIR)/CarouselView.app/CarouselView";
			};
			name = Debug;
		};
		F3026C111FD67B3300C72DFE /* Release */ = {
			isa = XCBuildConfiguration;
			buildSettings = {
				BUNDLE_LOADER = "$(TEST_HOST)";
				CODE_SIGN_STYLE = Automatic;
				INFOPLIST_FILE = CarouselViewTests/Info.plist;
				LD_RUNPATH_SEARCH_PATHS = "$(inherited) @executable_path/Frameworks @loader_path/Frameworks";
				PRODUCT_BUNDLE_IDENTIFIER = com.QiYingliTechnology.CarouselView.CarouselViewTests;
				PRODUCT_NAME = "$(TARGET_NAME)";
				TARGETED_DEVICE_FAMILY = "1,2";
				TEST_HOST = "$(BUILT_PRODUCTS_DIR)/CarouselView.app/CarouselView";
			};
			name = Release;
		};
		F3026C131FD67B3300C72DFE /* Debug */ = {
			isa = XCBuildConfiguration;
			buildSettings = {
				CODE_SIGN_STYLE = Automatic;
				INFOPLIST_FILE = CarouselViewUITests/Info.plist;
				LD_RUNPATH_SEARCH_PATHS = "$(inherited) @executable_path/Frameworks @loader_path/Frameworks";
				PRODUCT_BUNDLE_IDENTIFIER = com.QiYingliTechnology.CarouselView.CarouselViewUITests;
				PRODUCT_NAME = "$(TARGET_NAME)";
				TARGETED_DEVICE_FAMILY = "1,2";
				TEST_TARGET_NAME = CarouselView;
			};
			name = Debug;
		};
		F3026C141FD67B3300C72DFE /* Release */ = {
			isa = XCBuildConfiguration;
			buildSettings = {
				CODE_SIGN_STYLE = Automatic;
				INFOPLIST_FILE = CarouselViewUITests/Info.plist;
				LD_RUNPATH_SEARCH_PATHS = "$(inherited) @executable_path/Frameworks @loader_path/Frameworks";
				PRODUCT_BUNDLE_IDENTIFIER = com.QiYingliTechnology.CarouselView.CarouselViewUITests;
				PRODUCT_NAME = "$(TARGET_NAME)";
				TARGETED_DEVICE_FAMILY = "1,2";
				TEST_TARGET_NAME = CarouselView;
			};
			name = Release;
		};
/* End XCBuildConfiguration section */

/* Begin XCConfigurationList section */
		F3026BDB1FD67B3200C72DFE /* Build configuration list for PBXProject "CarouselView" */ = {
			isa = XCConfigurationList;
			buildConfigurations = (
				F3026C0A1FD67B3300C72DFE /* Debug */,
				F3026C0B1FD67B3300C72DFE /* Release */,
			);
			defaultConfigurationIsVisible = 0;
			defaultConfigurationName = Release;
		};
		F3026C0C1FD67B3300C72DFE /* Build configuration list for PBXNativeTarget "CarouselView" */ = {
			isa = XCConfigurationList;
			buildConfigurations = (
				F3026C0D1FD67B3300C72DFE /* Debug */,
				F3026C0E1FD67B3300C72DFE /* Release */,
			);
			defaultConfigurationIsVisible = 0;
			defaultConfigurationName = Release;
		};
		F3026C0F1FD67B3300C72DFE /* Build configuration list for PBXNativeTarget "CarouselViewTests" */ = {
			isa = XCConfigurationList;
			buildConfigurations = (
				F3026C101FD67B3300C72DFE /* Debug */,
				F3026C111FD67B3300C72DFE /* Release */,
			);
			defaultConfigurationIsVisible = 0;
			defaultConfigurationName = Release;
		};
		F3026C121FD67B3300C72DFE /* Build configuration list for PBXNativeTarget "CarouselViewUITests" */ = {
			isa = XCConfigurationList;
			buildConfigurations = (
				F3026C131FD67B3300C72DFE /* Debug */,
				F3026C141FD67B3300C72DFE /* Release */,
			);
			defaultConfigurationIsVisible = 0;
			defaultConfigurationName = Release;
		};
/* End XCConfigurationList section */
	};
	rootObject = F3026BD81FD67B3200C72DFE /* Project object */;
}
